
Microsoft Visual Studio Solution File, Format Version 12.00
# Visual Studio Version 17
VisualStudioVersion = 17.7.34024.191
MinimumVisualStudioVersion = 10.0.40219.1
Project("{9A19103F-16F7-4668-BE54-9A1E7A4F7556}") = "MyAppTK", "MyAppTK\MyAppTK.csproj", "{385E1219-BA49-4109-B2C4-D62D243F8E09}"
EndProject
Project("{FAE04EC0-301F-11D3-BF4B-00C04F79EFBC}") = "MyApp.Models", "MyApp.Models\MyApp.Models.csproj", "{09C3817F-5262-4D3E-AAB9-585751214A4E}"
EndProject
Project("{FAE04EC0-301F-11D3-BF4B-00C04F79EFBC}") = "MyApp.DataAccessLayer", "MyApp.DataAccessLayer\MyApp.DataAccessLayer.csproj", "{EB2CA85F-9E57-43EE-AF7D-DD7DC5D59D40}"
EndProject
Global
	GlobalSection(SolutionConfigurationPlatforms) = preSolution
		Debug|Any CPU = Debug|Any CPU
		Release|Any CPU = Release|Any CPU
	EndGlobalSection
	GlobalSection(ProjectConfigurationPlatforms) = postSolution
		{385E1219-BA49-4109-B2C4-D62D243F8E09}.Debug|Any CPU.ActiveCfg = Debug|Any CPU
		{385E1219-BA49-4109-B2C4-D62D243F8E09}.Debug|Any CPU.Build.0 = Debug|Any CPU
		{385E1219-BA49-4109-B2C4-D62D243F8E09}.Release|Any CPU.ActiveCfg = Release|Any CPU
		{385E1219-BA49-4109-B2C4-D62D243F8E09}.Release|Any CPU.Build.0 = Release|Any CPU
		{09C3817F-5262-4D3E-AAB9-585751214A4E}.Debug|Any CPU.ActiveCfg = Debug|Any CPU
		{09C3817F-5262-4D3E-AAB9-585751214A4E}.Debug|Any CPU.Build.0 = Debug|Any CPU
		{09C3817F-5262-4D3E-AAB9-585751214A4E}.Release|Any CPU.ActiveCfg = Release|Any CPU
		{09C3817F-5262-4D3E-AAB9-585751214A4E}.Release|Any CPU.Build.0 = Release|Any CPU
		{EB2CA85F-9E57-43EE-AF7D-DD7DC5D59D40}.Debug|Any CPU.ActiveCfg = Debug|Any CPU
		{EB2CA85F-9E57-43EE-AF7D-DD7DC5D59D40}.Debug|Any CPU.Build.0 = Debug|Any CPU
		{EB2CA85F-9E57-43EE-AF7D-DD7DC5D59D40}.Release|Any CPU.ActiveCfg = Release|Any CPU
		{EB2CA85F-9E57-43EE-AF7D-DD7DC5D59D40}.Release|Any CPU.Build.0 = Release|Any CPU
	EndGlobalSection
	GlobalSection(SolutionProperties) = preSolution
		HideSolutionNode = FALSE
	EndGlobalSection
	GlobalSection(ExtensibilityGlobals) = postSolution
		SolutionGuid = {7B35C9AD-7C8C-47FF-9702-FC0B57EC48A3}
	EndGlobalSection
EndGlobal
